
Microsoft Visual Studio Solution File, Format Version 12.00
# Visual Studio Version 16
VisualStudioVersion = 16.0.30611.23
MinimumVisualStudioVersion = 10.0.40219.1
Project("{FAE04EC0-301F-11D3-BF4B-00C04F79EFBC}") = "Airplane", "Airplane\Airplane.csproj", "{5FC9A8EF-9F82-4B85-B24E-3C29C71FCF65}"
EndProject
Global
	GlobalSection(SolutionConfigurationPlatforms) = preSolution
		Debug|Any CPU = Debug|Any CPU
		Release|Any CPU = Release|Any CPU
	EndGlobalSection
	GlobalSection(ProjectConfigurationPlatforms) = postSolution
		{5FC9A8EF-9F82-4B85-B24E-3C29C71FCF65}.Debug|Any CPU.ActiveCfg = Debug|Any CPU
		{5FC9A8EF-9F82-4B85-B24E-3C29C71FCF65}.Debug|Any CPU.Build.0 = Debug|Any CPU
		{5FC9A8EF-9F82-4B85-B24E-3C29C71FCF65}.Release|Any CPU.ActiveCfg = Release|Any CPU
		{5FC9A8EF-9F82-4B85-B24E-3C29C71FCF65}.Release|Any CPU.Build.0 = Release|Any CPU
	EndGlobalSection
	GlobalSection(SolutionProperties) = preSolution
		HideSolutionNode = FALSE
	EndGlobalSection
	GlobalSection(ExtensibilityGlobals) = postSolution
		SolutionGuid = {3BF2ABB8-059F-4192-AB29-182D5995841A}
	EndGlobalSection
EndGlobal
